{
  "originHash" : "dd587f00a1caf7bb94063551e0e77da74f096b290b6956fbd2985102f329d84f",
  "pins" : [
    {
      "identity" : "yoga",
      "kind" : "remoteSourceControl",
      "location" : "https://github.com/squirelboy360/yoga.git",
      "state" : {
        "branch" : "main",
        "revision" : "957d48cee18c6d3d53062c66327e8a8b58e7b9e1"
      }
    }
  ],
  "version" : 3
}
